
Microsoft Visual Studio Solution File, Format Version 12.00
# Visual Studio 2012
VisualStudioVersion = 15.0.27004.2005
MinimumVisualStudioVersion = 10.0.40219.1
Project("{FAE04EC0-301F-11D3-BF4B-00C04F79EFBC}") = "InMemoryLoaderBase", "InMemoryLoaderBase\InMemoryLoaderBase.csproj", "{55EC3AB9-DA4B-4888-8AA3-513F393FBFB1}"
EndProject
Project("{FAE04EC0-301F-11D3-BF4B-00C04F79EFBC}") = "InMemoryLoaderBaseNunit", "InMemoryLoaderBaseNunit\InMemoryLoaderBaseNunit.csproj", "{8108C37C-B7D2-41B5-BCE6-3E3157065E5D}"
EndProject
Global
	GlobalSection(SolutionConfigurationPlatforms) = preSolution
		Debug|x64 = Debug|x64
		Release|x64 = Release|x64
	EndGlobalSection
	GlobalSection(ProjectConfigurationPlatforms) = postSolution
		{55EC3AB9-DA4B-4888-8AA3-513F393FBFB1}.Debug|x64.ActiveCfg = Debug|x64
		{55EC3AB9-DA4B-4888-8AA3-513F393FBFB1}.Debug|x64.Build.0 = Debug|x64
		{55EC3AB9-DA4B-4888-8AA3-513F393FBFB1}.Release|x64.ActiveCfg = Release|x64
		{55EC3AB9-DA4B-4888-8AA3-513F393FBFB1}.Release|x64.Build.0 = Release|x64
		{8108C37C-B7D2-41B5-BCE6-3E3157065E5D}.Debug|x64.ActiveCfg = Debug|x64
		{8108C37C-B7D2-41B5-BCE6-3E3157065E5D}.Debug|x64.Build.0 = Debug|x64
		{8108C37C-B7D2-41B5-BCE6-3E3157065E5D}.Release|x64.ActiveCfg = Release|x64
		{8108C37C-B7D2-41B5-BCE6-3E3157065E5D}.Release|x64.Build.0 = Release|x64
	EndGlobalSection
	GlobalSection(MonoDevelopProperties) = preSolution
		Policies = $0
		$0.DotNetNamingPolicy = $1
		$1.DirectoryNamespaceAssociation = None
		$1.ResourceNamePolicy = FileFormatDefault
		$0.TextStylePolicy = $2
		$2.inheritsSet = null
		$2.scope = application/config+xml
		$0.XmlFormattingPolicy = $3
		$3.inheritsSet = null
		$3.scope = application/config+xml
		$0.StandardHeader = $4
		$4.Text = 
		$4.IncludeInNewFiles = True
		$0.NameConventionPolicy = $5
		$5.Rules = $6
		$6.NamingRule = $7
		$7.AffectedEntity = None
		$7.VisibilityMask = VisibilityMask
		$7.NamingStyle = None
		$7.IncludeInstanceMembers = True
		$7.IncludeStaticEntities = True
		description = @InMemoryLoader ist eine in C# geschriebene Funktionsbibliothek welche das \ndynamische Laden von .NET Assemblies zur Laufzeit ermöglicht. \nIm Wesentlichen besteht sie aus zwei nuget-Packages die mit Mono entwickelt \nwurden und so über Plattformgrenzen hinweg verwendet werden können.\n\nInMemoryLoader ermöglicht das Laden von .Dll's zur Laufzeit ohne fixe Referenzen \nin der Solution zu benötigen. Hierbei werden die .Dll’s einmalig geladen und geprüft, \nin eine Collection geschrieben und zur Laufzeit einmalig instanziiert.
		version = 0.3.0.2
	EndGlobalSection
	GlobalSection(SolutionProperties) = preSolution
		HideSolutionNode = FALSE
	EndGlobalSection
	GlobalSection(ExtensibilityGlobals) = postSolution
		SolutionGuid = {A48177FB-2F21-4A5C-B3A9-B4EBBFE566B8}
	EndGlobalSection
EndGlobal
